{
  "name": "@mherod/get-cookie",
  "version": "1.0.2",
  "lockfileVersion": 2,
  "requires": true,
  "packages": {
    "": {
      "name": "@mherod/get-cookie",
      "version": "1.0.2",
      "hasInstallScript": true,
      "license": "ISC",
      "bin": {
        "get-cookie": "index.js"
      }
    }
  }
}
